{
  "object": {
    "pins": [
      {
        "package": "Base32",
        "repositoryURL": "https://github.com/2FAuth/Base32",
        "state": {
          "branch": null,
          "revision": "8fff87bc508b2090184b6cfe661b1a617662734a",
          "version": null
        }
      }
    ]
  },
  "version": 1
}
